
Microsoft Visual Studio Solution File, Format Version 12.00
# Visual Studio Version 17
VisualStudioVersion = 17.10.35122.118
MinimumVisualStudioVersion = 10.0.40219.1
Project("{FAE04EC0-301F-11D3-BF4B-00C04F79EFBC}") = "MKMovies", "MKMovies\MKMovies.csproj", "{7638CF43-AEEF-4545-B569-5DDFF62988BA}"
EndProject
Global
	GlobalSection(SolutionConfigurationPlatforms) = preSolution
		Debug|Any CPU = Debug|Any CPU
		Release|Any CPU = Release|Any CPU
	EndGlobalSection
	GlobalSection(ProjectConfigurationPlatforms) = postSolution
		{7638CF43-AEEF-4545-B569-5DDFF62988BA}.Debug|Any CPU.ActiveCfg = Debug|Any CPU
		{7638CF43-AEEF-4545-B569-5DDFF62988BA}.Debug|Any CPU.Build.0 = Debug|Any CPU
		{7638CF43-AEEF-4545-B569-5DDFF62988BA}.Release|Any CPU.ActiveCfg = Release|Any CPU
		{7638CF43-AEEF-4545-B569-5DDFF62988BA}.Release|Any CPU.Build.0 = Release|Any CPU
	EndGlobalSection
	GlobalSection(SolutionProperties) = preSolution
		HideSolutionNode = FALSE
	EndGlobalSection
	GlobalSection(ExtensibilityGlobals) = postSolution
		SolutionGuid = {3CCE3845-0B05-4C45-9373-B3FF5DE3BE33}
	EndGlobalSection
EndGlobal
